
Microsoft Visual Studio Solution File, Format Version 12.00
# Visual Studio 15
VisualStudioVersion = 15.0.27130.2027
MinimumVisualStudioVersion = 10.0.40219.1
Project("{9A19103F-16F7-4668-BE54-9A1E7A4F7556}") = "MongoDB.Infra.Data.Base", "MongoDB.Infra.Data.Base\MongoDB.Infra.Data.Base.csproj", "{BEA83EA2-9443-4361-9DE2-E46E52BCEB0C}"
EndProject
Project("{FAE04EC0-301F-11D3-BF4B-00C04F79EFBC}") = "MongoDB.Test", "MongoDB.Test\MongoDB.Test.csproj", "{201EC313-D6B5-4A8D-B3FA-F304C5146CE3}"
EndProject
Global
	GlobalSection(SolutionConfigurationPlatforms) = preSolution
		Debug|Any CPU = Debug|Any CPU
		Release|Any CPU = Release|Any CPU
	EndGlobalSection
	GlobalSection(ProjectConfigurationPlatforms) = postSolution
		{BEA83EA2-9443-4361-9DE2-E46E52BCEB0C}.Debug|Any CPU.ActiveCfg = Debug|Any CPU
		{BEA83EA2-9443-4361-9DE2-E46E52BCEB0C}.Debug|Any CPU.Build.0 = Debug|Any CPU
		{BEA83EA2-9443-4361-9DE2-E46E52BCEB0C}.Release|Any CPU.ActiveCfg = Release|Any CPU
		{BEA83EA2-9443-4361-9DE2-E46E52BCEB0C}.Release|Any CPU.Build.0 = Release|Any CPU
		{201EC313-D6B5-4A8D-B3FA-F304C5146CE3}.Debug|Any CPU.ActiveCfg = Debug|Any CPU
		{201EC313-D6B5-4A8D-B3FA-F304C5146CE3}.Debug|Any CPU.Build.0 = Debug|Any CPU
		{201EC313-D6B5-4A8D-B3FA-F304C5146CE3}.Release|Any CPU.ActiveCfg = Release|Any CPU
		{201EC313-D6B5-4A8D-B3FA-F304C5146CE3}.Release|Any CPU.Build.0 = Release|Any CPU
	EndGlobalSection
	GlobalSection(SolutionProperties) = preSolution
		HideSolutionNode = FALSE
	EndGlobalSection
	GlobalSection(ExtensibilityGlobals) = postSolution
		SolutionGuid = {6265A2EA-571E-40A8-ACA0-83A8CEDEBD4A}
	EndGlobalSection
EndGlobal
